
Microsoft Visual Studio Solution File, Format Version 12.00
# Visual Studio Version 17
VisualStudioVersion = 17.6.33723.286
MinimumVisualStudioVersion = 10.0.40219.1
Project("{FAE04EC0-301F-11D3-BF4B-00C04F79EFBC}") = "labclothingcollection", "labclothingcollection\labclothingcollection.csproj", "{6098F13B-8298-4A9E-9F71-F79327E546B6}"
EndProject
Global
	GlobalSection(SolutionConfigurationPlatforms) = preSolution
		Debug|Any CPU = Debug|Any CPU
		Release|Any CPU = Release|Any CPU
	EndGlobalSection
	GlobalSection(ProjectConfigurationPlatforms) = postSolution
		{6098F13B-8298-4A9E-9F71-F79327E546B6}.Debug|Any CPU.ActiveCfg = Debug|Any CPU
		{6098F13B-8298-4A9E-9F71-F79327E546B6}.Debug|Any CPU.Build.0 = Debug|Any CPU
		{6098F13B-8298-4A9E-9F71-F79327E546B6}.Release|Any CPU.ActiveCfg = Release|Any CPU
		{6098F13B-8298-4A9E-9F71-F79327E546B6}.Release|Any CPU.Build.0 = Release|Any CPU
	EndGlobalSection
	GlobalSection(SolutionProperties) = preSolution
		HideSolutionNode = FALSE
	EndGlobalSection
	GlobalSection(ExtensibilityGlobals) = postSolution
		SolutionGuid = {B24FE14B-5C16-440E-BEAC-97E28660A88C}
	EndGlobalSection
EndGlobal
